
Microsoft Visual Studio Solution File, Format Version 12.00
# Visual Studio 2012
Project("{FAE04EC0-301F-11D3-BF4B-00C04F79EFBC}") = "OOPArgs", "OOPArgs\OOPArgs.csproj", "{09DAEFDC-D6F2-479F-AADF-BDC672955692}"
EndProject
Global
	GlobalSection(SolutionConfigurationPlatforms) = preSolution
		Debug|Any CPU = Debug|Any CPU
		Release|Any CPU = Release|Any CPU
	EndGlobalSection
	GlobalSection(ProjectConfigurationPlatforms) = postSolution
		{09DAEFDC-D6F2-479F-AADF-BDC672955692}.Debug|Any CPU.ActiveCfg = Debug|Any CPU
		{09DAEFDC-D6F2-479F-AADF-BDC672955692}.Debug|Any CPU.Build.0 = Debug|Any CPU
		{09DAEFDC-D6F2-479F-AADF-BDC672955692}.Release|Any CPU.ActiveCfg = Release|Any CPU
		{09DAEFDC-D6F2-479F-AADF-BDC672955692}.Release|Any CPU.Build.0 = Release|Any CPU
	EndGlobalSection
	GlobalSection(SolutionProperties) = preSolution
		HideSolutionNode = FALSE
	EndGlobalSection
EndGlobal
